
Microsoft Visual Studio Solution File, Format Version 12.00
# Visual Studio Version 16
VisualStudioVersion = 16.0.30717.126
MinimumVisualStudioVersion = 10.0.40219.1
Project("{FAE04EC0-301F-11D3-BF4B-00C04F79EFBC}") = "GestorDB", "GestorDB.csproj", "{9C1945BC-6829-4914-A3AF-A0563CAB1FA1}"
EndProject
Global
	GlobalSection(SolutionConfigurationPlatforms) = preSolution
		Debug|Any CPU = Debug|Any CPU
		Release|Any CPU = Release|Any CPU
	EndGlobalSection
	GlobalSection(ProjectConfigurationPlatforms) = postSolution
		{9C1945BC-6829-4914-A3AF-A0563CAB1FA1}.Debug|Any CPU.ActiveCfg = Debug|Any CPU
		{9C1945BC-6829-4914-A3AF-A0563CAB1FA1}.Debug|Any CPU.Build.0 = Debug|Any CPU
		{9C1945BC-6829-4914-A3AF-A0563CAB1FA1}.Release|Any CPU.ActiveCfg = Release|Any CPU
		{9C1945BC-6829-4914-A3AF-A0563CAB1FA1}.Release|Any CPU.Build.0 = Release|Any CPU
	EndGlobalSection
	GlobalSection(SolutionProperties) = preSolution
		HideSolutionNode = FALSE
	EndGlobalSection
	GlobalSection(ExtensibilityGlobals) = postSolution
		SolutionGuid = {368B2E64-70B0-4789-86B3-EAF4A3CFF663}
	EndGlobalSection
EndGlobal
